
Microsoft Visual Studio Solution File, Format Version 12.00
# Visual Studio 15
VisualStudioVersion = 15.0.26228.12
MinimumVisualStudioVersion = 10.0.40219.1
Project("{2150E333-8FDC-42A3-9474-1A3956D46DE8}") = "src", "src", "{CBA41F16-7012-4B6B-923C-406C9603B52C}"
EndProject
Project("{2150E333-8FDC-42A3-9474-1A3956D46DE8}") = "Solution Items", "Solution Items", "{108848B7-2011-4528-A379-BC75886BE536}"
EndProject
Project("{2150E333-8FDC-42A3-9474-1A3956D46DE8}") = "plugin-src", "plugin-src", "{E95848E4-1302-43CF-AB1C-59B32943873D}"
EndProject
Project("{2150E333-8FDC-42A3-9474-1A3956D46DE8}") = "tests", "tests", "{1EA92745-3787-43DD-8C1C-AEA46770A876}"
EndProject
Project("{2150E333-8FDC-42A3-9474-1A3956D46DE8}") = "plugin-dep", "plugin-dep", "{4E5E6900-53DC-43FF-889D-590DDD3F2AD3}"
EndProject
Project("{2150E333-8FDC-42A3-9474-1A3956D46DE8}") = "cmds", "cmds", "{BC4AB785-1122-4CF7-B2C8-314F5319C85E}"
	ProjectSection(SolutionItems) = preProject
		plugin-publish.cmd = plugin-publish.cmd
	EndProjectSection
EndProject
Project("{9A19103F-16F7-4668-BE54-9A1E7A4F7556}") = "ModCore.Www", "src\ModCore.Www\ModCore.Www.csproj", "{E980568C-8DAA-4447-A434-8C6FFF6CDF25}"
EndProject
Project("{9A19103F-16F7-4668-BE54-9A1E7A4F7556}") = "ModCore.Abstraction", "src\ModCore.Abstraction\ModCore.Abstraction.csproj", "{2C77E218-F466-4ED1-919B-1A16E891A550}"
EndProject
Project("{9A19103F-16F7-4668-BE54-9A1E7A4F7556}") = "ModCore.Specifications", "src\ModCore.Specifications\ModCore.Specifications.csproj", "{D002C65F-6786-4CA3-B6D5-327C04C3F904}"
EndProject
Project("{9A19103F-16F7-4668-BE54-9A1E7A4F7556}") = "ModCore.ViewModels", "src\ModCore.ViewModels\ModCore.ViewModels.csproj", "{98DA9CC1-2B7C-49DE-AD49-168BCD436A1A}"
EndProject
Project("{9A19103F-16F7-4668-BE54-9A1E7A4F7556}") = "ModCore.Models", "src\ModCore.Models\ModCore.Models.csproj", "{D5AC23A9-2B34-4941-88E7-FE8DA13E07B3}"
EndProject
Project("{9A19103F-16F7-4668-BE54-9A1E7A4F7556}") = "ModCore.DataAccess.InMemory", "src\ModCore.DataAccess.InMemory\ModCore.DataAccess.InMemory.csproj", "{C72BAD5C-5402-42E0-969D-7F359CAE6DFA}"
EndProject
Project("{9A19103F-16F7-4668-BE54-9A1E7A4F7556}") = "ModCore.Core", "src\ModCore.Core\ModCore.Core.csproj", "{8ADA1E51-A241-4EEC-BD98-074EC6653A8D}"
EndProject
Project("{9A19103F-16F7-4668-BE54-9A1E7A4F7556}") = "Blog.Plugin", "src\plugin-src\Blog.Plugin\Blog.Plugin.csproj", "{689A4140-5957-461F-ABCE-05F5E9FFA87C}"
EndProject
Project("{9A19103F-16F7-4668-BE54-9A1E7A4F7556}") = "ModCore.Services", "src\ModCore.Services\ModCore.Services.csproj", "{B3A12193-3BDE-4918-AA83-AF45A7655A9B}"
EndProject
Project("{9A19103F-16F7-4668-BE54-9A1E7A4F7556}") = "ModCore.DataAccess.MongoDb", "src\ModCore.DataAccess.MongoDb\ModCore.DataAccess.MongoDb.csproj", "{09F46CB4-4FF7-42D3-9BA5-A2D0249CEABE}"
EndProject
Project("{9A19103F-16F7-4668-BE54-9A1E7A4F7556}") = "ModCore.Utilities", "src\ModCore.Utilities\ModCore.Utilities.csproj", "{FB08635A-CAAD-4501-9FAC-20FC61B094FC}"
EndProject
Project("{9A19103F-16F7-4668-BE54-9A1E7A4F7556}") = "ModCore.ActiveRecords", "src\ModCore.ActiveRecords\ModCore.ActiveRecords.csproj", "{C008EB0E-378B-4CD2-B835-906950FA4320}"
EndProject
Project("{9A19103F-16F7-4668-BE54-9A1E7A4F7556}") = "BasicAuthentication.Plugin", "src\plugin-src\BasicAuthentication.Plugin\BasicAuthentication.Plugin.csproj", "{2FA49D78-0DF3-48B5-91F3-C0758C4736E3}"
EndProject
Project("{9A19103F-16F7-4668-BE54-9A1E7A4F7556}") = "Pages.Plugin", "src\plugin-src\Pages.Plugin\Pages.Plugin.csproj", "{BD638607-EEA9-48E9-8526-F4F1E92E4E02}"
EndProject
Project("{9A19103F-16F7-4668-BE54-9A1E7A4F7556}") = "ModCore.DataAccess", "src\ModCore.DataAccess\ModCore.DataAccess.csproj", "{FF1383CA-A745-492E-88F4-49511F29A191}"
EndProject
Project("{9A19103F-16F7-4668-BE54-9A1E7A4F7556}") = "RoleBasedPermission.Plugin", "src\plugin-src\RoleBasedPermission.Plugin\RoleBasedPermission.Plugin.csproj", "{3FAD849D-0D42-4EBD-BCD4-18496DCDFA01}"
EndProject
Project("{9A19103F-16F7-4668-BE54-9A1E7A4F7556}") = "Emailer.Plugin", "src\plugin-src\Emailer.Plugin\Emailer.Plugin.csproj", "{60F12275-654D-4B31-9176-48ADB7769C90}"
EndProject
Project("{9A19103F-16F7-4668-BE54-9A1E7A4F7556}") = "UserManagement.Plugin", "src\plugin-src\UserManagement.Plugin\UserManagement.Plugin.csproj", "{B3E24882-719C-4036-8CBE-48567661EFDB}"
EndProject
Project("{9A19103F-16F7-4668-BE54-9A1E7A4F7556}") = "EmailFluentCore", "src-dependencies\EmailFluentCore\EmailFluentCore.csproj", "{E0F29917-8873-4061-B7D9-987E68212DB1}"
EndProject
Project("{9A19103F-16F7-4668-BE54-9A1E7A4F7556}") = "EmailFluentCore.Tests", "src-dependencies\EmailFluentCore.Tests\EmailFluentCore.Tests.csproj", "{CBBF1DCA-98AC-476E-915B-9AD209B16EC7}"
EndProject
Project("{9A19103F-16F7-4668-BE54-9A1E7A4F7556}") = "ModCore.Tests.DataAccess.MongoDb", "tests\ModCore.Tests.DataAccess.MongoDb\ModCore.Tests.DataAccess.MongoDb.csproj", "{77040DED-CB71-42E7-BF9F-E049D4B05E02}"
EndProject
Project("{9A19103F-16F7-4668-BE54-9A1E7A4F7556}") = "ModCore.Tests.Services", "tests\ModCore.Tests.Services\ModCore.Tests.Services.csproj", "{D0B31005-1CC2-431C-B607-0CDC1DA613D7}"
EndProject
Project("{9A19103F-16F7-4668-BE54-9A1E7A4F7556}") = "Html.Dependency", "..\..\..\Visual Studio 2015\Projects\ModCoreCMS\ModCore\src\plugin-src\Html.Dependency\Html.Dependency.csproj", "{F94583BE-DDAF-48BC-BEDA-608B7EF03E0D}"
EndProject
Project("{9A19103F-16F7-4668-BE54-9A1E7A4F7556}") = "Themes.Plugin", "src\plugin-src\Themes.Plugin\Themes.Plugin.csproj", "{579A51CA-8CF5-41D7-B62F-CBF31A5DE84A}"
EndProject
Global
	GlobalSection(SolutionConfigurationPlatforms) = preSolution
		Debug|Any CPU = Debug|Any CPU
		Debug|x64 = Debug|x64
		Debug|x86 = Debug|x86
		Release|Any CPU = Release|Any CPU
		Release|x64 = Release|x64
		Release|x86 = Release|x86
	EndGlobalSection
	GlobalSection(ProjectConfigurationPlatforms) = postSolution
		{E980568C-8DAA-4447-A434-8C6FFF6CDF25}.Debug|Any CPU.ActiveCfg = Debug|Any CPU
		{E980568C-8DAA-4447-A434-8C6FFF6CDF25}.Debug|Any CPU.Build.0 = Debug|Any CPU
		{E980568C-8DAA-4447-A434-8C6FFF6CDF25}.Debug|x64.ActiveCfg = Debug|Any CPU
		{E980568C-8DAA-4447-A434-8C6FFF6CDF25}.Debug|x64.Build.0 = Debug|Any CPU
		{E980568C-8DAA-4447-A434-8C6FFF6CDF25}.Debug|x86.ActiveCfg = Debug|Any CPU
		{E980568C-8DAA-4447-A434-8C6FFF6CDF25}.Debug|x86.Build.0 = Debug|Any CPU
		{E980568C-8DAA-4447-A434-8C6FFF6CDF25}.Release|Any CPU.ActiveCfg = Release|Any CPU
		{E980568C-8DAA-4447-A434-8C6FFF6CDF25}.Release|Any CPU.Build.0 = Release|Any CPU
		{E980568C-8DAA-4447-A434-8C6FFF6CDF25}.Release|x64.ActiveCfg = Release|Any CPU
		{E980568C-8DAA-4447-A434-8C6FFF6CDF25}.Release|x64.Build.0 = Release|Any CPU
		{E980568C-8DAA-4447-A434-8C6FFF6CDF25}.Release|x86.ActiveCfg = Release|Any CPU
		{E980568C-8DAA-4447-A434-8C6FFF6CDF25}.Release|x86.Build.0 = Release|Any CPU
		{2C77E218-F466-4ED1-919B-1A16E891A550}.Debug|Any CPU.ActiveCfg = Debug|Any CPU
		{2C77E218-F466-4ED1-919B-1A16E891A550}.Debug|Any CPU.Build.0 = Debug|Any CPU
		{2C77E218-F466-4ED1-919B-1A16E891A550}.Debug|x64.ActiveCfg = Debug|Any CPU
		{2C77E218-F466-4ED1-919B-1A16E891A550}.Debug|x64.Build.0 = Debug|Any CPU
		{2C77E218-F466-4ED1-919B-1A16E891A550}.Debug|x86.ActiveCfg = Debug|Any CPU
		{2C77E218-F466-4ED1-919B-1A16E891A550}.Debug|x86.Build.0 = Debug|Any CPU
		{2C77E218-F466-4ED1-919B-1A16E891A550}.Release|Any CPU.ActiveCfg = Release|Any CPU
		{2C77E218-F466-4ED1-919B-1A16E891A550}.Release|Any CPU.Build.0 = Release|Any CPU
		{2C77E218-F466-4ED1-919B-1A16E891A550}.Release|x64.ActiveCfg = Release|Any CPU
		{2C77E218-F466-4ED1-919B-1A16E891A550}.Release|x64.Build.0 = Release|Any CPU
		{2C77E218-F466-4ED1-919B-1A16E891A550}.Release|x86.ActiveCfg = Release|Any CPU
		{2C77E218-F466-4ED1-919B-1A16E891A550}.Release|x86.Build.0 = Release|Any CPU
		{D002C65F-6786-4CA3-B6D5-327C04C3F904}.Debug|Any CPU.ActiveCfg = Debug|Any CPU
		{D002C65F-6786-4CA3-B6D5-327C04C3F904}.Debug|Any CPU.Build.0 = Debug|Any CPU
		{D002C65F-6786-4CA3-B6D5-327C04C3F904}.Debug|x64.ActiveCfg = Debug|Any CPU
		{D002C65F-6786-4CA3-B6D5-327C04C3F904}.Debug|x64.Build.0 = Debug|Any CPU
		{D002C65F-6786-4CA3-B6D5-327C04C3F904}.Debug|x86.ActiveCfg = Debug|Any CPU
		{D002C65F-6786-4CA3-B6D5-327C04C3F904}.Debug|x86.Build.0 = Debug|Any CPU
		{D002C65F-6786-4CA3-B6D5-327C04C3F904}.Release|Any CPU.ActiveCfg = Release|Any CPU
		{D002C65F-6786-4CA3-B6D5-327C04C3F904}.Release|Any CPU.Build.0 = Release|Any CPU
		{D002C65F-6786-4CA3-B6D5-327C04C3F904}.Release|x64.ActiveCfg = Release|Any CPU
		{D002C65F-6786-4CA3-B6D5-327C04C3F904}.Release|x64.Build.0 = Release|Any CPU
		{D002C65F-6786-4CA3-B6D5-327C04C3F904}.Release|x86.ActiveCfg = Release|Any CPU
		{D002C65F-6786-4CA3-B6D5-327C04C3F904}.Release|x86.Build.0 = Release|Any CPU
		{98DA9CC1-2B7C-49DE-AD49-168BCD436A1A}.Debug|Any CPU.ActiveCfg = Debug|Any CPU
		{98DA9CC1-2B7C-49DE-AD49-168BCD436A1A}.Debug|Any CPU.Build.0 = Debug|Any CPU
		{98DA9CC1-2B7C-49DE-AD49-168BCD436A1A}.Debug|x64.ActiveCfg = Debug|Any CPU
		{98DA9CC1-2B7C-49DE-AD49-168BCD436A1A}.Debug|x64.Build.0 = Debug|Any CPU
		{98DA9CC1-2B7C-49DE-AD49-168BCD436A1A}.Debug|x86.ActiveCfg = Debug|Any CPU
		{98DA9CC1-2B7C-49DE-AD49-168BCD436A1A}.Debug|x86.Build.0 = Debug|Any CPU
		{98DA9CC1-2B7C-49DE-AD49-168BCD436A1A}.Release|Any CPU.ActiveCfg = Release|Any CPU
		{98DA9CC1-2B7C-49DE-AD49-168BCD436A1A}.Release|Any CPU.Build.0 = Release|Any CPU
		{98DA9CC1-2B7C-49DE-AD49-168BCD436A1A}.Release|x64.ActiveCfg = Release|Any CPU
		{98DA9CC1-2B7C-49DE-AD49-168BCD436A1A}.Release|x64.Build.0 = Release|Any CPU
		{98DA9CC1-2B7C-49DE-AD49-168BCD436A1A}.Release|x86.ActiveCfg = Release|Any CPU
		{98DA9CC1-2B7C-49DE-AD49-168BCD436A1A}.Release|x86.Build.0 = Release|Any CPU
		{D5AC23A9-2B34-4941-88E7-FE8DA13E07B3}.Debug|Any CPU.ActiveCfg = Debug|Any CPU
		{D5AC23A9-2B34-4941-88E7-FE8DA13E07B3}.Debug|Any CPU.Build.0 = Debug|Any CPU
		{D5AC23A9-2B34-4941-88E7-FE8DA13E07B3}.Debug|x64.ActiveCfg = Debug|Any CPU
		{D5AC23A9-2B34-4941-88E7-FE8DA13E07B3}.Debug|x64.Build.0 = Debug|Any CPU
		{D5AC23A9-2B34-4941-88E7-FE8DA13E07B3}.Debug|x86.ActiveCfg = Debug|Any CPU
		{D5AC23A9-2B34-4941-88E7-FE8DA13E07B3}.Debug|x86.Build.0 = Debug|Any CPU
		{D5AC23A9-2B34-4941-88E7-FE8DA13E07B3}.Release|Any CPU.ActiveCfg = Release|Any CPU
		{D5AC23A9-2B34-4941-88E7-FE8DA13E07B3}.Release|Any CPU.Build.0 = Release|Any CPU
		{D5AC23A9-2B34-4941-88E7-FE8DA13E07B3}.Release|x64.ActiveCfg = Release|Any CPU
		{D5AC23A9-2B34-4941-88E7-FE8DA13E07B3}.Release|x64.Build.0 = Release|Any CPU
		{D5AC23A9-2B34-4941-88E7-FE8DA13E07B3}.Release|x86.ActiveCfg = Release|Any CPU
		{D5AC23A9-2B34-4941-88E7-FE8DA13E07B3}.Release|x86.Build.0 = Release|Any CPU
		{C72BAD5C-5402-42E0-969D-7F359CAE6DFA}.Debug|Any CPU.ActiveCfg = Debug|Any CPU
		{C72BAD5C-5402-42E0-969D-7F359CAE6DFA}.Debug|Any CPU.Build.0 = Debug|Any CPU
		{C72BAD5C-5402-42E0-969D-7F359CAE6DFA}.Debug|x64.ActiveCfg = Debug|Any CPU
		{C72BAD5C-5402-42E0-969D-7F359CAE6DFA}.Debug|x64.Build.0 = Debug|Any CPU
		{C72BAD5C-5402-42E0-969D-7F359CAE6DFA}.Debug|x86.ActiveCfg = Debug|Any CPU
		{C72BAD5C-5402-42E0-969D-7F359CAE6DFA}.Debug|x86.Build.0 = Debug|Any CPU
		{C72BAD5C-5402-42E0-969D-7F359CAE6DFA}.Release|Any CPU.ActiveCfg = Release|Any CPU
		{C72BAD5C-5402-42E0-969D-7F359CAE6DFA}.Release|Any CPU.Build.0 = Release|Any CPU
		{C72BAD5C-5402-42E0-969D-7F359CAE6DFA}.Release|x64.ActiveCfg = Release|Any CPU
		{C72BAD5C-5402-42E0-969D-7F359CAE6DFA}.Release|x64.Build.0 = Release|Any CPU
		{C72BAD5C-5402-42E0-969D-7F359CAE6DFA}.Release|x86.ActiveCfg = Release|Any CPU
		{C72BAD5C-5402-42E0-969D-7F359CAE6DFA}.Release|x86.Build.0 = Release|Any CPU
		{8ADA1E51-A241-4EEC-BD98-074EC6653A8D}.Debug|Any CPU.ActiveCfg = Debug|Any CPU
		{8ADA1E51-A241-4EEC-BD98-074EC6653A8D}.Debug|Any CPU.Build.0 = Debug|Any CPU
		{8ADA1E51-A241-4EEC-BD98-074EC6653A8D}.Debug|x64.ActiveCfg = Debug|Any CPU
		{8ADA1E51-A241-4EEC-BD98-074EC6653A8D}.Debug|x64.Build.0 = Debug|Any CPU
		{8ADA1E51-A241-4EEC-BD98-074EC6653A8D}.Debug|x86.ActiveCfg = Debug|Any CPU
		{8ADA1E51-A241-4EEC-BD98-074EC6653A8D}.Debug|x86.Build.0 = Debug|Any CPU
		{8ADA1E51-A241-4EEC-BD98-074EC6653A8D}.Release|Any CPU.ActiveCfg = Release|Any CPU
		{8ADA1E51-A241-4EEC-BD98-074EC6653A8D}.Release|Any CPU.Build.0 = Release|Any CPU
		{8ADA1E51-A241-4EEC-BD98-074EC6653A8D}.Release|x64.ActiveCfg = Release|Any CPU
		{8ADA1E51-A241-4EEC-BD98-074EC6653A8D}.Release|x64.Build.0 = Release|Any CPU
		{8ADA1E51-A241-4EEC-BD98-074EC6653A8D}.Release|x86.ActiveCfg = Release|Any CPU
		{8ADA1E51-A241-4EEC-BD98-074EC6653A8D}.Release|x86.Build.0 = Release|Any CPU
		{689A4140-5957-461F-ABCE-05F5E9FFA87C}.Debug|Any CPU.ActiveCfg = Debug|Any CPU
		{689A4140-5957-461F-ABCE-05F5E9FFA87C}.Debug|Any CPU.Build.0 = Debug|Any CPU
		{689A4140-5957-461F-ABCE-05F5E9FFA87C}.Debug|x64.ActiveCfg = Debug|Any CPU
		{689A4140-5957-461F-ABCE-05F5E9FFA87C}.Debug|x64.Build.0 = Debug|Any CPU
		{689A4140-5957-461F-ABCE-05F5E9FFA87C}.Debug|x86.ActiveCfg = Debug|Any CPU
		{689A4140-5957-461F-ABCE-05F5E9FFA87C}.Debug|x86.Build.0 = Debug|Any CPU
		{689A4140-5957-461F-ABCE-05F5E9FFA87C}.Release|Any CPU.ActiveCfg = Release|Any CPU
		{689A4140-5957-461F-ABCE-05F5E9FFA87C}.Release|Any CPU.Build.0 = Release|Any CPU
		{689A4140-5957-461F-ABCE-05F5E9FFA87C}.Release|x64.ActiveCfg = Release|Any CPU
		{689A4140-5957-461F-ABCE-05F5E9FFA87C}.Release|x64.Build.0 = Release|Any CPU
		{689A4140-5957-461F-ABCE-05F5E9FFA87C}.Release|x86.ActiveCfg = Release|Any CPU
		{689A4140-5957-461F-ABCE-05F5E9FFA87C}.Release|x86.Build.0 = Release|Any CPU
		{B3A12193-3BDE-4918-AA83-AF45A7655A9B}.Debug|Any CPU.ActiveCfg = Debug|Any CPU
		{B3A12193-3BDE-4918-AA83-AF45A7655A9B}.Debug|Any CPU.Build.0 = Debug|Any CPU
		{B3A12193-3BDE-4918-AA83-AF45A7655A9B}.Debug|x64.ActiveCfg = Debug|Any CPU
		{B3A12193-3BDE-4918-AA83-AF45A7655A9B}.Debug|x64.Build.0 = Debug|Any CPU
		{B3A12193-3BDE-4918-AA83-AF45A7655A9B}.Debug|x86.ActiveCfg = Debug|Any CPU
		{B3A12193-3BDE-4918-AA83-AF45A7655A9B}.Debug|x86.Build.0 = Debug|Any CPU
		{B3A12193-3BDE-4918-AA83-AF45A7655A9B}.Release|Any CPU.ActiveCfg = Release|Any CPU
		{B3A12193-3BDE-4918-AA83-AF45A7655A9B}.Release|Any CPU.Build.0 = Release|Any CPU
		{B3A12193-3BDE-4918-AA83-AF45A7655A9B}.Release|x64.ActiveCfg = Release|Any CPU
		{B3A12193-3BDE-4918-AA83-AF45A7655A9B}.Release|x64.Build.0 = Release|Any CPU
		{B3A12193-3BDE-4918-AA83-AF45A7655A9B}.Release|x86.ActiveCfg = Release|Any CPU
		{B3A12193-3BDE-4918-AA83-AF45A7655A9B}.Release|x86.Build.0 = Release|Any CPU
		{09F46CB4-4FF7-42D3-9BA5-A2D0249CEABE}.Debug|Any CPU.ActiveCfg = Debug|Any CPU
		{09F46CB4-4FF7-42D3-9BA5-A2D0249CEABE}.Debug|Any CPU.Build.0 = Debug|Any CPU
		{09F46CB4-4FF7-42D3-9BA5-A2D0249CEABE}.Debug|x64.ActiveCfg = Debug|Any CPU
		{09F46CB4-4FF7-42D3-9BA5-A2D0249CEABE}.Debug|x64.Build.0 = Debug|Any CPU
		{09F46CB4-4FF7-42D3-9BA5-A2D0249CEABE}.Debug|x86.ActiveCfg = Debug|Any CPU
		{09F46CB4-4FF7-42D3-9BA5-A2D0249CEABE}.Debug|x86.Build.0 = Debug|Any CPU
		{09F46CB4-4FF7-42D3-9BA5-A2D0249CEABE}.Release|Any CPU.ActiveCfg = Release|Any CPU
		{09F46CB4-4FF7-42D3-9BA5-A2D0249CEABE}.Release|Any CPU.Build.0 = Release|Any CPU
		{09F46CB4-4FF7-42D3-9BA5-A2D0249CEABE}.Release|x64.ActiveCfg = Release|Any CPU
		{09F46CB4-4FF7-42D3-9BA5-A2D0249CEABE}.Release|x64.Build.0 = Release|Any CPU
		{09F46CB4-4FF7-42D3-9BA5-A2D0249CEABE}.Release|x86.ActiveCfg = Release|Any CPU
		{09F46CB4-4FF7-42D3-9BA5-A2D0249CEABE}.Release|x86.Build.0 = Release|Any CPU
		{FB08635A-CAAD-4501-9FAC-20FC61B094FC}.Debug|Any CPU.ActiveCfg = Debug|Any CPU
		{FB08635A-CAAD-4501-9FAC-20FC61B094FC}.Debug|Any CPU.Build.0 = Debug|Any CPU
		{FB08635A-CAAD-4501-9FAC-20FC61B094FC}.Debug|x64.ActiveCfg = Debug|Any CPU
		{FB08635A-CAAD-4501-9FAC-20FC61B094FC}.Debug|x64.Build.0 = Debug|Any CPU
		{FB08635A-CAAD-4501-9FAC-20FC61B094FC}.Debug|x86.ActiveCfg = Debug|Any CPU
		{FB08635A-CAAD-4501-9FAC-20FC61B094FC}.Debug|x86.Build.0 = Debug|Any CPU
		{FB08635A-CAAD-4501-9FAC-20FC61B094FC}.Release|Any CPU.ActiveCfg = Release|Any CPU
		{FB08635A-CAAD-4501-9FAC-20FC61B094FC}.Release|Any CPU.Build.0 = Release|Any CPU
		{FB08635A-CAAD-4501-9FAC-20FC61B094FC}.Release|x64.ActiveCfg = Release|Any CPU
		{FB08635A-CAAD-4501-9FAC-20FC61B094FC}.Release|x64.Build.0 = Release|Any CPU
		{FB08635A-CAAD-4501-9FAC-20FC61B094FC}.Release|x86.ActiveCfg = Release|Any CPU
		{FB08635A-CAAD-4501-9FAC-20FC61B094FC}.Release|x86.Build.0 = Release|Any CPU
		{C008EB0E-378B-4CD2-B835-906950FA4320}.Debug|Any CPU.ActiveCfg = Debug|Any CPU
		{C008EB0E-378B-4CD2-B835-906950FA4320}.Debug|Any CPU.Build.0 = Debug|Any CPU
		{C008EB0E-378B-4CD2-B835-906950FA4320}.Debug|x64.ActiveCfg = Debug|Any CPU
		{C008EB0E-378B-4CD2-B835-906950FA4320}.Debug|x64.Build.0 = Debug|Any CPU
		{C008EB0E-378B-4CD2-B835-906950FA4320}.Debug|x86.ActiveCfg = Debug|Any CPU
		{C008EB0E-378B-4CD2-B835-906950FA4320}.Debug|x86.Build.0 = Debug|Any CPU
		{C008EB0E-378B-4CD2-B835-906950FA4320}.Release|Any CPU.ActiveCfg = Release|Any CPU
		{C008EB0E-378B-4CD2-B835-906950FA4320}.Release|Any CPU.Build.0 = Release|Any CPU
		{C008EB0E-378B-4CD2-B835-906950FA4320}.Release|x64.ActiveCfg = Release|Any CPU
		{C008EB0E-378B-4CD2-B835-906950FA4320}.Release|x64.Build.0 = Release|Any CPU
		{C008EB0E-378B-4CD2-B835-906950FA4320}.Release|x86.ActiveCfg = Release|Any CPU
		{C008EB0E-378B-4CD2-B835-906950FA4320}.Release|x86.Build.0 = Release|Any CPU
		{2FA49D78-0DF3-48B5-91F3-C0758C4736E3}.Debug|Any CPU.ActiveCfg = Debug|Any CPU
		{2FA49D78-0DF3-48B5-91F3-C0758C4736E3}.Debug|Any CPU.Build.0 = Debug|Any CPU
		{2FA49D78-0DF3-48B5-91F3-C0758C4736E3}.Debug|x64.ActiveCfg = Debug|Any CPU
		{2FA49D78-0DF3-48B5-91F3-C0758C4736E3}.Debug|x64.Build.0 = Debug|Any CPU
		{2FA49D78-0DF3-48B5-91F3-C0758C4736E3}.Debug|x86.ActiveCfg = Debug|Any CPU
		{2FA49D78-0DF3-48B5-91F3-C0758C4736E3}.Debug|x86.Build.0 = Debug|Any CPU
		{2FA49D78-0DF3-48B5-91F3-C0758C4736E3}.Release|Any CPU.ActiveCfg = Release|Any CPU
		{2FA49D78-0DF3-48B5-91F3-C0758C4736E3}.Release|Any CPU.Build.0 = Release|Any CPU
		{2FA49D78-0DF3-48B5-91F3-C0758C4736E3}.Release|x64.ActiveCfg = Release|Any CPU
		{2FA49D78-0DF3-48B5-91F3-C0758C4736E3}.Release|x64.Build.0 = Release|Any CPU
		{2FA49D78-0DF3-48B5-91F3-C0758C4736E3}.Release|x86.ActiveCfg = Release|Any CPU
		{2FA49D78-0DF3-48B5-91F3-C0758C4736E3}.Release|x86.Build.0 = Release|Any CPU
		{BD638607-EEA9-48E9-8526-F4F1E92E4E02}.Debug|Any CPU.ActiveCfg = Debug|Any CPU
		{BD638607-EEA9-48E9-8526-F4F1E92E4E02}.Debug|Any CPU.Build.0 = Debug|Any CPU
		{BD638607-EEA9-48E9-8526-F4F1E92E4E02}.Debug|x64.ActiveCfg = Debug|Any CPU
		{BD638607-EEA9-48E9-8526-F4F1E92E4E02}.Debug|x64.Build.0 = Debug|Any CPU
		{BD638607-EEA9-48E9-8526-F4F1E92E4E02}.Debug|x86.ActiveCfg = Debug|Any CPU
		{BD638607-EEA9-48E9-8526-F4F1E92E4E02}.Debug|x86.Build.0 = Debug|Any CPU
		{BD638607-EEA9-48E9-8526-F4F1E92E4E02}.Release|Any CPU.ActiveCfg = Release|Any CPU
		{BD638607-EEA9-48E9-8526-F4F1E92E4E02}.Release|Any CPU.Build.0 = Release|Any CPU
		{BD638607-EEA9-48E9-8526-F4F1E92E4E02}.Release|x64.ActiveCfg = Release|Any CPU
		{BD638607-EEA9-48E9-8526-F4F1E92E4E02}.Release|x64.Build.0 = Release|Any CPU
		{BD638607-EEA9-48E9-8526-F4F1E92E4E02}.Release|x86.ActiveCfg = Release|Any CPU
		{BD638607-EEA9-48E9-8526-F4F1E92E4E02}.Release|x86.Build.0 = Release|Any CPU
		{FF1383CA-A745-492E-88F4-49511F29A191}.Debug|Any CPU.ActiveCfg = Debug|Any CPU
		{FF1383CA-A745-492E-88F4-49511F29A191}.Debug|Any CPU.Build.0 = Debug|Any CPU
		{FF1383CA-A745-492E-88F4-49511F29A191}.Debug|x64.ActiveCfg = Debug|Any CPU
		{FF1383CA-A745-492E-88F4-49511F29A191}.Debug|x64.Build.0 = Debug|Any CPU
		{FF1383CA-A745-492E-88F4-49511F29A191}.Debug|x86.ActiveCfg = Debug|Any CPU
		{FF1383CA-A745-492E-88F4-49511F29A191}.Debug|x86.Build.0 = Debug|Any CPU
		{FF1383CA-A745-492E-88F4-49511F29A191}.Release|Any CPU.ActiveCfg = Release|Any CPU
		{FF1383CA-A745-492E-88F4-49511F29A191}.Release|Any CPU.Build.0 = Release|Any CPU
		{FF1383CA-A745-492E-88F4-49511F29A191}.Release|x64.ActiveCfg = Release|Any CPU
		{FF1383CA-A745-492E-88F4-49511F29A191}.Release|x64.Build.0 = Release|Any CPU
		{FF1383CA-A745-492E-88F4-49511F29A191}.Release|x86.ActiveCfg = Release|Any CPU
		{FF1383CA-A745-492E-88F4-49511F29A191}.Release|x86.Build.0 = Release|Any CPU
		{3FAD849D-0D42-4EBD-BCD4-18496DCDFA01}.Debug|Any CPU.ActiveCfg = Debug|Any CPU
		{3FAD849D-0D42-4EBD-BCD4-18496DCDFA01}.Debug|Any CPU.Build.0 = Debug|Any CPU
		{3FAD849D-0D42-4EBD-BCD4-18496DCDFA01}.Debug|x64.ActiveCfg = Debug|Any CPU
		{3FAD849D-0D42-4EBD-BCD4-18496DCDFA01}.Debug|x64.Build.0 = Debug|Any CPU
		{3FAD849D-0D42-4EBD-BCD4-18496DCDFA01}.Debug|x86.ActiveCfg = Debug|Any CPU
		{3FAD849D-0D42-4EBD-BCD4-18496DCDFA01}.Debug|x86.Build.0 = Debug|Any CPU
		{3FAD849D-0D42-4EBD-BCD4-18496DCDFA01}.Release|Any CPU.ActiveCfg = Release|Any CPU
		{3FAD849D-0D42-4EBD-BCD4-18496DCDFA01}.Release|Any CPU.Build.0 = Release|Any CPU
		{3FAD849D-0D42-4EBD-BCD4-18496DCDFA01}.Release|x64.ActiveCfg = Release|Any CPU
		{3FAD849D-0D42-4EBD-BCD4-18496DCDFA01}.Release|x64.Build.0 = Release|Any CPU
		{3FAD849D-0D42-4EBD-BCD4-18496DCDFA01}.Release|x86.ActiveCfg = Release|Any CPU
		{3FAD849D-0D42-4EBD-BCD4-18496DCDFA01}.Release|x86.Build.0 = Release|Any CPU
		{60F12275-654D-4B31-9176-48ADB7769C90}.Debug|Any CPU.ActiveCfg = Debug|Any CPU
		{60F12275-654D-4B31-9176-48ADB7769C90}.Debug|Any CPU.Build.0 = Debug|Any CPU
		{60F12275-654D-4B31-9176-48ADB7769C90}.Debug|x64.ActiveCfg = Debug|Any CPU
		{60F12275-654D-4B31-9176-48ADB7769C90}.Debug|x64.Build.0 = Debug|Any CPU
		{60F12275-654D-4B31-9176-48ADB7769C90}.Debug|x86.ActiveCfg = Debug|Any CPU
		{60F12275-654D-4B31-9176-48ADB7769C90}.Debug|x86.Build.0 = Debug|Any CPU
		{60F12275-654D-4B31-9176-48ADB7769C90}.Release|Any CPU.ActiveCfg = Release|Any CPU
		{60F12275-654D-4B31-9176-48ADB7769C90}.Release|Any CPU.Build.0 = Release|Any CPU
		{60F12275-654D-4B31-9176-48ADB7769C90}.Release|x64.ActiveCfg = Release|Any CPU
		{60F12275-654D-4B31-9176-48ADB7769C90}.Release|x64.Build.0 = Release|Any CPU
		{60F12275-654D-4B31-9176-48ADB7769C90}.Release|x86.ActiveCfg = Release|Any CPU
		{60F12275-654D-4B31-9176-48ADB7769C90}.Release|x86.Build.0 = Release|Any CPU
		{B3E24882-719C-4036-8CBE-48567661EFDB}.Debug|Any CPU.ActiveCfg = Debug|Any CPU
		{B3E24882-719C-4036-8CBE-48567661EFDB}.Debug|Any CPU.Build.0 = Debug|Any CPU
		{B3E24882-719C-4036-8CBE-48567661EFDB}.Debug|x64.ActiveCfg = Debug|Any CPU
		{B3E24882-719C-4036-8CBE-48567661EFDB}.Debug|x64.Build.0 = Debug|Any CPU
		{B3E24882-719C-4036-8CBE-48567661EFDB}.Debug|x86.ActiveCfg = Debug|Any CPU
		{B3E24882-719C-4036-8CBE-48567661EFDB}.Debug|x86.Build.0 = Debug|Any CPU
		{B3E24882-719C-4036-8CBE-48567661EFDB}.Release|Any CPU.ActiveCfg = Release|Any CPU
		{B3E24882-719C-4036-8CBE-48567661EFDB}.Release|Any CPU.Build.0 = Release|Any CPU
		{B3E24882-719C-4036-8CBE-48567661EFDB}.Release|x64.ActiveCfg = Release|Any CPU
		{B3E24882-719C-4036-8CBE-48567661EFDB}.Release|x64.Build.0 = Release|Any CPU
		{B3E24882-719C-4036-8CBE-48567661EFDB}.Release|x86.ActiveCfg = Release|Any CPU
		{B3E24882-719C-4036-8CBE-48567661EFDB}.Release|x86.Build.0 = Release|Any CPU
		{E0F29917-8873-4061-B7D9-987E68212DB1}.Debug|Any CPU.ActiveCfg = Debug|Any CPU
		{E0F29917-8873-4061-B7D9-987E68212DB1}.Debug|Any CPU.Build.0 = Debug|Any CPU
		{E0F29917-8873-4061-B7D9-987E68212DB1}.Debug|x64.ActiveCfg = Debug|Any CPU
		{E0F29917-8873-4061-B7D9-987E68212DB1}.Debug|x64.Build.0 = Debug|Any CPU
		{E0F29917-8873-4061-B7D9-987E68212DB1}.Debug|x86.ActiveCfg = Debug|Any CPU
		{E0F29917-8873-4061-B7D9-987E68212DB1}.Debug|x86.Build.0 = Debug|Any CPU
		{E0F29917-8873-4061-B7D9-987E68212DB1}.Release|Any CPU.ActiveCfg = Release|Any CPU
		{E0F29917-8873-4061-B7D9-987E68212DB1}.Release|Any CPU.Build.0 = Release|Any CPU
		{E0F29917-8873-4061-B7D9-987E68212DB1}.Release|x64.ActiveCfg = Release|Any CPU
		{E0F29917-8873-4061-B7D9-987E68212DB1}.Release|x64.Build.0 = Release|Any CPU
		{E0F29917-8873-4061-B7D9-987E68212DB1}.Release|x86.ActiveCfg = Release|Any CPU
		{E0F29917-8873-4061-B7D9-987E68212DB1}.Release|x86.Build.0 = Release|Any CPU
		{CBBF1DCA-98AC-476E-915B-9AD209B16EC7}.Debug|Any CPU.ActiveCfg = Debug|Any CPU
		{CBBF1DCA-98AC-476E-915B-9AD209B16EC7}.Debug|Any CPU.Build.0 = Debug|Any CPU
		{CBBF1DCA-98AC-476E-915B-9AD209B16EC7}.Debug|x64.ActiveCfg = Debug|Any CPU
		{CBBF1DCA-98AC-476E-915B-9AD209B16EC7}.Debug|x64.Build.0 = Debug|Any CPU
		{CBBF1DCA-98AC-476E-915B-9AD209B16EC7}.Debug|x86.ActiveCfg = Debug|Any CPU
		{CBBF1DCA-98AC-476E-915B-9AD209B16EC7}.Debug|x86.Build.0 = Debug|Any CPU
		{CBBF1DCA-98AC-476E-915B-9AD209B16EC7}.Release|Any CPU.ActiveCfg = Release|Any CPU
		{CBBF1DCA-98AC-476E-915B-9AD209B16EC7}.Release|Any CPU.Build.0 = Release|Any CPU
		{CBBF1DCA-98AC-476E-915B-9AD209B16EC7}.Release|x64.ActiveCfg = Release|Any CPU
		{CBBF1DCA-98AC-476E-915B-9AD209B16EC7}.Release|x64.Build.0 = Release|Any CPU
		{CBBF1DCA-98AC-476E-915B-9AD209B16EC7}.Release|x86.ActiveCfg = Release|Any CPU
		{CBBF1DCA-98AC-476E-915B-9AD209B16EC7}.Release|x86.Build.0 = Release|Any CPU
		{77040DED-CB71-42E7-BF9F-E049D4B05E02}.Debug|Any CPU.ActiveCfg = Debug|Any CPU
		{77040DED-CB71-42E7-BF9F-E049D4B05E02}.Debug|Any CPU.Build.0 = Debug|Any CPU
		{77040DED-CB71-42E7-BF9F-E049D4B05E02}.Debug|x64.ActiveCfg = Debug|Any CPU
		{77040DED-CB71-42E7-BF9F-E049D4B05E02}.Debug|x64.Build.0 = Debug|Any CPU
		{77040DED-CB71-42E7-BF9F-E049D4B05E02}.Debug|x86.ActiveCfg = Debug|Any CPU
		{77040DED-CB71-42E7-BF9F-E049D4B05E02}.Debug|x86.Build.0 = Debug|Any CPU
		{77040DED-CB71-42E7-BF9F-E049D4B05E02}.Release|Any CPU.ActiveCfg = Release|Any CPU
		{77040DED-CB71-42E7-BF9F-E049D4B05E02}.Release|Any CPU.Build.0 = Release|Any CPU
		{77040DED-CB71-42E7-BF9F-E049D4B05E02}.Release|x64.ActiveCfg = Release|Any CPU
		{77040DED-CB71-42E7-BF9F-E049D4B05E02}.Release|x64.Build.0 = Release|Any CPU
		{77040DED-CB71-42E7-BF9F-E049D4B05E02}.Release|x86.ActiveCfg = Release|Any CPU
		{77040DED-CB71-42E7-BF9F-E049D4B05E02}.Release|x86.Build.0 = Release|Any CPU
		{D0B31005-1CC2-431C-B607-0CDC1DA613D7}.Debug|Any CPU.ActiveCfg = Debug|Any CPU
		{D0B31005-1CC2-431C-B607-0CDC1DA613D7}.Debug|Any CPU.Build.0 = Debug|Any CPU
		{D0B31005-1CC2-431C-B607-0CDC1DA613D7}.Debug|x64.ActiveCfg = Debug|Any CPU
		{D0B31005-1CC2-431C-B607-0CDC1DA613D7}.Debug|x64.Build.0 = Debug|Any CPU
		{D0B31005-1CC2-431C-B607-0CDC1DA613D7}.Debug|x86.ActiveCfg = Debug|Any CPU
		{D0B31005-1CC2-431C-B607-0CDC1DA613D7}.Debug|x86.Build.0 = Debug|Any CPU
		{D0B31005-1CC2-431C-B607-0CDC1DA613D7}.Release|Any CPU.ActiveCfg = Release|Any CPU
		{D0B31005-1CC2-431C-B607-0CDC1DA613D7}.Release|Any CPU.Build.0 = Release|Any CPU
		{D0B31005-1CC2-431C-B607-0CDC1DA613D7}.Release|x64.ActiveCfg = Release|Any CPU
		{D0B31005-1CC2-431C-B607-0CDC1DA613D7}.Release|x64.Build.0 = Release|Any CPU
		{D0B31005-1CC2-431C-B607-0CDC1DA613D7}.Release|x86.ActiveCfg = Release|Any CPU
		{D0B31005-1CC2-431C-B607-0CDC1DA613D7}.Release|x86.Build.0 = Release|Any CPU
		{F94583BE-DDAF-48BC-BEDA-608B7EF03E0D}.Debug|Any CPU.ActiveCfg = Debug|Any CPU
		{F94583BE-DDAF-48BC-BEDA-608B7EF03E0D}.Debug|Any CPU.Build.0 = Debug|Any CPU
		{F94583BE-DDAF-48BC-BEDA-608B7EF03E0D}.Debug|x64.ActiveCfg = Debug|Any CPU
		{F94583BE-DDAF-48BC-BEDA-608B7EF03E0D}.Debug|x64.Build.0 = Debug|Any CPU
		{F94583BE-DDAF-48BC-BEDA-608B7EF03E0D}.Debug|x86.ActiveCfg = Debug|Any CPU
		{F94583BE-DDAF-48BC-BEDA-608B7EF03E0D}.Debug|x86.Build.0 = Debug|Any CPU
		{F94583BE-DDAF-48BC-BEDA-608B7EF03E0D}.Release|Any CPU.ActiveCfg = Release|Any CPU
		{F94583BE-DDAF-48BC-BEDA-608B7EF03E0D}.Release|Any CPU.Build.0 = Release|Any CPU
		{F94583BE-DDAF-48BC-BEDA-608B7EF03E0D}.Release|x64.ActiveCfg = Release|Any CPU
		{F94583BE-DDAF-48BC-BEDA-608B7EF03E0D}.Release|x64.Build.0 = Release|Any CPU
		{F94583BE-DDAF-48BC-BEDA-608B7EF03E0D}.Release|x86.ActiveCfg = Release|Any CPU
		{F94583BE-DDAF-48BC-BEDA-608B7EF03E0D}.Release|x86.Build.0 = Release|Any CPU
		{579A51CA-8CF5-41D7-B62F-CBF31A5DE84A}.Debug|Any CPU.ActiveCfg = Debug|Any CPU
		{579A51CA-8CF5-41D7-B62F-CBF31A5DE84A}.Debug|Any CPU.Build.0 = Debug|Any CPU
		{579A51CA-8CF5-41D7-B62F-CBF31A5DE84A}.Debug|x64.ActiveCfg = Debug|Any CPU
		{579A51CA-8CF5-41D7-B62F-CBF31A5DE84A}.Debug|x64.Build.0 = Debug|Any CPU
		{579A51CA-8CF5-41D7-B62F-CBF31A5DE84A}.Debug|x86.ActiveCfg = Debug|Any CPU
		{579A51CA-8CF5-41D7-B62F-CBF31A5DE84A}.Debug|x86.Build.0 = Debug|Any CPU
		{579A51CA-8CF5-41D7-B62F-CBF31A5DE84A}.Release|Any CPU.ActiveCfg = Release|Any CPU
		{579A51CA-8CF5-41D7-B62F-CBF31A5DE84A}.Release|Any CPU.Build.0 = Release|Any CPU
		{579A51CA-8CF5-41D7-B62F-CBF31A5DE84A}.Release|x64.ActiveCfg = Release|Any CPU
		{579A51CA-8CF5-41D7-B62F-CBF31A5DE84A}.Release|x64.Build.0 = Release|Any CPU
		{579A51CA-8CF5-41D7-B62F-CBF31A5DE84A}.Release|x86.ActiveCfg = Release|Any CPU
		{579A51CA-8CF5-41D7-B62F-CBF31A5DE84A}.Release|x86.Build.0 = Release|Any CPU
	EndGlobalSection
	GlobalSection(SolutionProperties) = preSolution
		HideSolutionNode = FALSE
	EndGlobalSection
	GlobalSection(NestedProjects) = preSolution
		{E95848E4-1302-43CF-AB1C-59B32943873D} = {CBA41F16-7012-4B6B-923C-406C9603B52C}
		{4E5E6900-53DC-43FF-889D-590DDD3F2AD3} = {CBA41F16-7012-4B6B-923C-406C9603B52C}
		{BC4AB785-1122-4CF7-B2C8-314F5319C85E} = {CBA41F16-7012-4B6B-923C-406C9603B52C}
		{E980568C-8DAA-4447-A434-8C6FFF6CDF25} = {CBA41F16-7012-4B6B-923C-406C9603B52C}
		{2C77E218-F466-4ED1-919B-1A16E891A550} = {CBA41F16-7012-4B6B-923C-406C9603B52C}
		{D002C65F-6786-4CA3-B6D5-327C04C3F904} = {CBA41F16-7012-4B6B-923C-406C9603B52C}
		{98DA9CC1-2B7C-49DE-AD49-168BCD436A1A} = {CBA41F16-7012-4B6B-923C-406C9603B52C}
		{D5AC23A9-2B34-4941-88E7-FE8DA13E07B3} = {CBA41F16-7012-4B6B-923C-406C9603B52C}
		{C72BAD5C-5402-42E0-969D-7F359CAE6DFA} = {CBA41F16-7012-4B6B-923C-406C9603B52C}
		{8ADA1E51-A241-4EEC-BD98-074EC6653A8D} = {CBA41F16-7012-4B6B-923C-406C9603B52C}
		{689A4140-5957-461F-ABCE-05F5E9FFA87C} = {E95848E4-1302-43CF-AB1C-59B32943873D}
		{B3A12193-3BDE-4918-AA83-AF45A7655A9B} = {CBA41F16-7012-4B6B-923C-406C9603B52C}
		{09F46CB4-4FF7-42D3-9BA5-A2D0249CEABE} = {CBA41F16-7012-4B6B-923C-406C9603B52C}
		{FB08635A-CAAD-4501-9FAC-20FC61B094FC} = {CBA41F16-7012-4B6B-923C-406C9603B52C}
		{C008EB0E-378B-4CD2-B835-906950FA4320} = {CBA41F16-7012-4B6B-923C-406C9603B52C}
		{2FA49D78-0DF3-48B5-91F3-C0758C4736E3} = {E95848E4-1302-43CF-AB1C-59B32943873D}
		{BD638607-EEA9-48E9-8526-F4F1E92E4E02} = {E95848E4-1302-43CF-AB1C-59B32943873D}
		{FF1383CA-A745-492E-88F4-49511F29A191} = {CBA41F16-7012-4B6B-923C-406C9603B52C}
		{3FAD849D-0D42-4EBD-BCD4-18496DCDFA01} = {E95848E4-1302-43CF-AB1C-59B32943873D}
		{60F12275-654D-4B31-9176-48ADB7769C90} = {E95848E4-1302-43CF-AB1C-59B32943873D}
		{B3E24882-719C-4036-8CBE-48567661EFDB} = {E95848E4-1302-43CF-AB1C-59B32943873D}
		{E0F29917-8873-4061-B7D9-987E68212DB1} = {4E5E6900-53DC-43FF-889D-590DDD3F2AD3}
		{CBBF1DCA-98AC-476E-915B-9AD209B16EC7} = {4E5E6900-53DC-43FF-889D-590DDD3F2AD3}
		{77040DED-CB71-42E7-BF9F-E049D4B05E02} = {1EA92745-3787-43DD-8C1C-AEA46770A876}
		{D0B31005-1CC2-431C-B607-0CDC1DA613D7} = {1EA92745-3787-43DD-8C1C-AEA46770A876}
		{F94583BE-DDAF-48BC-BEDA-608B7EF03E0D} = {4E5E6900-53DC-43FF-889D-590DDD3F2AD3}
		{579A51CA-8CF5-41D7-B62F-CBF31A5DE84A} = {E95848E4-1302-43CF-AB1C-59B32943873D}
	EndGlobalSection
EndGlobal
