
Microsoft Visual Studio Solution File, Format Version 12.00
# Visual Studio 14
VisualStudioVersion = 14.0.25420.1
MinimumVisualStudioVersion = 10.0.40219.1
Project("{2150E333-8FDC-42A3-9474-1A3956D46DE8}") = "src", "src", "{CBA41F16-7012-4B6B-923C-406C9603B52C}"
EndProject
Project("{2150E333-8FDC-42A3-9474-1A3956D46DE8}") = "Solution Items", "Solution Items", "{108848B7-2011-4528-A379-BC75886BE536}"
	ProjectSection(SolutionItems) = preProject
		global.json = global.json
	EndProjectSection
EndProject
Project("{8BB2217D-0F2D-49D1-97BC-3654ED321F3B}") = "ModCore.Www", "src\ModCore.Www\ModCore.Www.xproj", "{E980568C-8DAA-4447-A434-8C6FFF6CDF25}"
EndProject
Project("{8BB2217D-0F2D-49D1-97BC-3654ED321F3B}") = "ModCore.Abstraction", "src\ModCore.Abstraction\ModCore.Abstraction.xproj", "{2C77E218-F466-4ED1-919B-1A16E891A550}"
EndProject
Project("{8BB2217D-0F2D-49D1-97BC-3654ED321F3B}") = "ModCore.Specifications", "src\ModCore.Specifications\ModCore.Specifications.xproj", "{D002C65F-6786-4CA3-B6D5-327C04C3F904}"
EndProject
Project("{8BB2217D-0F2D-49D1-97BC-3654ED321F3B}") = "ModCore.ViewModels", "src\ModCore.ViewModels\ModCore.ViewModels.xproj", "{98DA9CC1-2B7C-49DE-AD49-168BCD436A1A}"
EndProject
Project("{8BB2217D-0F2D-49D1-97BC-3654ED321F3B}") = "ModCore.Models", "src\ModCore.Models\ModCore.Models.xproj", "{D5AC23A9-2B34-4941-88E7-FE8DA13E07B3}"
EndProject
Project("{8BB2217D-0F2D-49D1-97BC-3654ED321F3B}") = "ModCore.DataAccess.InMemory", "src\ModCore.DataAccess.InMemory\ModCore.DataAccess.InMemory.xproj", "{C72BAD5C-5402-42E0-969D-7F359CAE6DFA}"
EndProject
Project("{2150E333-8FDC-42A3-9474-1A3956D46DE8}") = "plugin-src", "plugin-src", "{E95848E4-1302-43CF-AB1C-59B32943873D}"
EndProject
Project("{8BB2217D-0F2D-49D1-97BC-3654ED321F3B}") = "ModCore.Core", "src\ModCore.Core\ModCore.Core.xproj", "{8ADA1E51-A241-4EEC-BD98-074EC6653A8D}"
EndProject
Project("{8BB2217D-0F2D-49D1-97BC-3654ED321F3B}") = "Blog.Plugin", "src\plugin-src\Blog.Plugin\Blog.Plugin.xproj", "{689A4140-5957-461F-ABCE-05F5E9FFA87C}"
EndProject
Project("{8BB2217D-0F2D-49D1-97BC-3654ED321F3B}") = "ModCore.Services", "src\ModCore.Services.MongoDb\ModCore.Services.xproj", "{B3A12193-3BDE-4918-AA83-AF45A7655A9B}"
EndProject
Project("{8BB2217D-0F2D-49D1-97BC-3654ED321F3B}") = "ModCore.DataAccess.MongoDb", "src\ModCore.DataAccess.MongoDb\ModCore.DataAccess.MongoDb.xproj", "{09F46CB4-4FF7-42D3-9BA5-A2D0249CEABE}"
EndProject
Project("{8BB2217D-0F2D-49D1-97BC-3654ED321F3B}") = "ModCore.Utilities", "src\ModCore.Utilities\ModCore.Utilities.xproj", "{FB08635A-CAAD-4501-9FAC-20FC61B094FC}"
EndProject
Project("{2150E333-8FDC-42A3-9474-1A3956D46DE8}") = "tests", "tests", "{1EA92745-3787-43DD-8C1C-AEA46770A876}"
EndProject
Project("{8BB2217D-0F2D-49D1-97BC-3654ED321F3B}") = "ModCore.DataAccess.MongoDb.Test", "tests\ModCore.DataAccess.MongoDb.Test\ModCore.DataAccess.MongoDb.Test.xproj", "{50519618-7CF7-4E5C-A352-CC52F4CE48B5}"
EndProject
Project("{8BB2217D-0F2D-49D1-97BC-3654ED321F3B}") = "ModCore.ActiveRecords", "src\ModCore.ActiveRecords\ModCore.ActiveRecords.xproj", "{C008EB0E-378B-4CD2-B835-906950FA4320}"
EndProject
Project("{8BB2217D-0F2D-49D1-97BC-3654ED321F3B}") = "BasicAuthentication.Plugin", "src\plugin-src\BasicAuthentication.Plugin\BasicAuthentication.Plugin.xproj", "{2FA49D78-0DF3-48B5-91F3-C0758C4736E3}"
EndProject
Global
	GlobalSection(SolutionConfigurationPlatforms) = preSolution
		Debug|Any CPU = Debug|Any CPU
		Release|Any CPU = Release|Any CPU
	EndGlobalSection
	GlobalSection(ProjectConfigurationPlatforms) = postSolution
		{E980568C-8DAA-4447-A434-8C6FFF6CDF25}.Debug|Any CPU.ActiveCfg = Debug|Any CPU
		{E980568C-8DAA-4447-A434-8C6FFF6CDF25}.Debug|Any CPU.Build.0 = Debug|Any CPU
		{E980568C-8DAA-4447-A434-8C6FFF6CDF25}.Release|Any CPU.ActiveCfg = Release|Any CPU
		{E980568C-8DAA-4447-A434-8C6FFF6CDF25}.Release|Any CPU.Build.0 = Release|Any CPU
		{2C77E218-F466-4ED1-919B-1A16E891A550}.Debug|Any CPU.ActiveCfg = Debug|Any CPU
		{2C77E218-F466-4ED1-919B-1A16E891A550}.Debug|Any CPU.Build.0 = Debug|Any CPU
		{2C77E218-F466-4ED1-919B-1A16E891A550}.Release|Any CPU.ActiveCfg = Release|Any CPU
		{2C77E218-F466-4ED1-919B-1A16E891A550}.Release|Any CPU.Build.0 = Release|Any CPU
		{D002C65F-6786-4CA3-B6D5-327C04C3F904}.Debug|Any CPU.ActiveCfg = Debug|Any CPU
		{D002C65F-6786-4CA3-B6D5-327C04C3F904}.Debug|Any CPU.Build.0 = Debug|Any CPU
		{D002C65F-6786-4CA3-B6D5-327C04C3F904}.Release|Any CPU.ActiveCfg = Release|Any CPU
		{D002C65F-6786-4CA3-B6D5-327C04C3F904}.Release|Any CPU.Build.0 = Release|Any CPU
		{98DA9CC1-2B7C-49DE-AD49-168BCD436A1A}.Debug|Any CPU.ActiveCfg = Debug|Any CPU
		{98DA9CC1-2B7C-49DE-AD49-168BCD436A1A}.Debug|Any CPU.Build.0 = Debug|Any CPU
		{98DA9CC1-2B7C-49DE-AD49-168BCD436A1A}.Release|Any CPU.ActiveCfg = Release|Any CPU
		{98DA9CC1-2B7C-49DE-AD49-168BCD436A1A}.Release|Any CPU.Build.0 = Release|Any CPU
		{D5AC23A9-2B34-4941-88E7-FE8DA13E07B3}.Debug|Any CPU.ActiveCfg = Debug|Any CPU
		{D5AC23A9-2B34-4941-88E7-FE8DA13E07B3}.Debug|Any CPU.Build.0 = Debug|Any CPU
		{D5AC23A9-2B34-4941-88E7-FE8DA13E07B3}.Release|Any CPU.ActiveCfg = Release|Any CPU
		{D5AC23A9-2B34-4941-88E7-FE8DA13E07B3}.Release|Any CPU.Build.0 = Release|Any CPU
		{C72BAD5C-5402-42E0-969D-7F359CAE6DFA}.Debug|Any CPU.ActiveCfg = Debug|Any CPU
		{C72BAD5C-5402-42E0-969D-7F359CAE6DFA}.Debug|Any CPU.Build.0 = Debug|Any CPU
		{C72BAD5C-5402-42E0-969D-7F359CAE6DFA}.Release|Any CPU.ActiveCfg = Release|Any CPU
		{C72BAD5C-5402-42E0-969D-7F359CAE6DFA}.Release|Any CPU.Build.0 = Release|Any CPU
		{8ADA1E51-A241-4EEC-BD98-074EC6653A8D}.Debug|Any CPU.ActiveCfg = Debug|Any CPU
		{8ADA1E51-A241-4EEC-BD98-074EC6653A8D}.Debug|Any CPU.Build.0 = Debug|Any CPU
		{8ADA1E51-A241-4EEC-BD98-074EC6653A8D}.Release|Any CPU.ActiveCfg = Release|Any CPU
		{8ADA1E51-A241-4EEC-BD98-074EC6653A8D}.Release|Any CPU.Build.0 = Release|Any CPU
		{689A4140-5957-461F-ABCE-05F5E9FFA87C}.Debug|Any CPU.ActiveCfg = Debug|Any CPU
		{689A4140-5957-461F-ABCE-05F5E9FFA87C}.Debug|Any CPU.Build.0 = Debug|Any CPU
		{689A4140-5957-461F-ABCE-05F5E9FFA87C}.Release|Any CPU.ActiveCfg = Release|Any CPU
		{689A4140-5957-461F-ABCE-05F5E9FFA87C}.Release|Any CPU.Build.0 = Release|Any CPU
		{B3A12193-3BDE-4918-AA83-AF45A7655A9B}.Debug|Any CPU.ActiveCfg = Debug|Any CPU
		{B3A12193-3BDE-4918-AA83-AF45A7655A9B}.Debug|Any CPU.Build.0 = Debug|Any CPU
		{B3A12193-3BDE-4918-AA83-AF45A7655A9B}.Release|Any CPU.ActiveCfg = Release|Any CPU
		{B3A12193-3BDE-4918-AA83-AF45A7655A9B}.Release|Any CPU.Build.0 = Release|Any CPU
		{09F46CB4-4FF7-42D3-9BA5-A2D0249CEABE}.Debug|Any CPU.ActiveCfg = Debug|Any CPU
		{09F46CB4-4FF7-42D3-9BA5-A2D0249CEABE}.Debug|Any CPU.Build.0 = Debug|Any CPU
		{09F46CB4-4FF7-42D3-9BA5-A2D0249CEABE}.Release|Any CPU.ActiveCfg = Release|Any CPU
		{09F46CB4-4FF7-42D3-9BA5-A2D0249CEABE}.Release|Any CPU.Build.0 = Release|Any CPU
		{FB08635A-CAAD-4501-9FAC-20FC61B094FC}.Debug|Any CPU.ActiveCfg = Debug|Any CPU
		{FB08635A-CAAD-4501-9FAC-20FC61B094FC}.Debug|Any CPU.Build.0 = Debug|Any CPU
		{FB08635A-CAAD-4501-9FAC-20FC61B094FC}.Release|Any CPU.ActiveCfg = Release|Any CPU
		{FB08635A-CAAD-4501-9FAC-20FC61B094FC}.Release|Any CPU.Build.0 = Release|Any CPU
		{50519618-7CF7-4E5C-A352-CC52F4CE48B5}.Debug|Any CPU.ActiveCfg = Debug|Any CPU
		{50519618-7CF7-4E5C-A352-CC52F4CE48B5}.Debug|Any CPU.Build.0 = Debug|Any CPU
		{50519618-7CF7-4E5C-A352-CC52F4CE48B5}.Release|Any CPU.ActiveCfg = Release|Any CPU
		{50519618-7CF7-4E5C-A352-CC52F4CE48B5}.Release|Any CPU.Build.0 = Release|Any CPU
		{C008EB0E-378B-4CD2-B835-906950FA4320}.Debug|Any CPU.ActiveCfg = Debug|Any CPU
		{C008EB0E-378B-4CD2-B835-906950FA4320}.Debug|Any CPU.Build.0 = Debug|Any CPU
		{C008EB0E-378B-4CD2-B835-906950FA4320}.Release|Any CPU.ActiveCfg = Release|Any CPU
		{C008EB0E-378B-4CD2-B835-906950FA4320}.Release|Any CPU.Build.0 = Release|Any CPU
		{2FA49D78-0DF3-48B5-91F3-C0758C4736E3}.Debug|Any CPU.ActiveCfg = Debug|Any CPU
		{2FA49D78-0DF3-48B5-91F3-C0758C4736E3}.Debug|Any CPU.Build.0 = Debug|Any CPU
		{2FA49D78-0DF3-48B5-91F3-C0758C4736E3}.Release|Any CPU.ActiveCfg = Release|Any CPU
		{2FA49D78-0DF3-48B5-91F3-C0758C4736E3}.Release|Any CPU.Build.0 = Release|Any CPU
	EndGlobalSection
	GlobalSection(SolutionProperties) = preSolution
		HideSolutionNode = FALSE
	EndGlobalSection
	GlobalSection(NestedProjects) = preSolution
		{E980568C-8DAA-4447-A434-8C6FFF6CDF25} = {CBA41F16-7012-4B6B-923C-406C9603B52C}
		{2C77E218-F466-4ED1-919B-1A16E891A550} = {CBA41F16-7012-4B6B-923C-406C9603B52C}
		{D002C65F-6786-4CA3-B6D5-327C04C3F904} = {CBA41F16-7012-4B6B-923C-406C9603B52C}
		{98DA9CC1-2B7C-49DE-AD49-168BCD436A1A} = {CBA41F16-7012-4B6B-923C-406C9603B52C}
		{D5AC23A9-2B34-4941-88E7-FE8DA13E07B3} = {CBA41F16-7012-4B6B-923C-406C9603B52C}
		{C72BAD5C-5402-42E0-969D-7F359CAE6DFA} = {CBA41F16-7012-4B6B-923C-406C9603B52C}
		{E95848E4-1302-43CF-AB1C-59B32943873D} = {CBA41F16-7012-4B6B-923C-406C9603B52C}
		{8ADA1E51-A241-4EEC-BD98-074EC6653A8D} = {CBA41F16-7012-4B6B-923C-406C9603B52C}
		{689A4140-5957-461F-ABCE-05F5E9FFA87C} = {E95848E4-1302-43CF-AB1C-59B32943873D}
		{B3A12193-3BDE-4918-AA83-AF45A7655A9B} = {CBA41F16-7012-4B6B-923C-406C9603B52C}
		{09F46CB4-4FF7-42D3-9BA5-A2D0249CEABE} = {CBA41F16-7012-4B6B-923C-406C9603B52C}
		{FB08635A-CAAD-4501-9FAC-20FC61B094FC} = {CBA41F16-7012-4B6B-923C-406C9603B52C}
		{50519618-7CF7-4E5C-A352-CC52F4CE48B5} = {1EA92745-3787-43DD-8C1C-AEA46770A876}
		{C008EB0E-378B-4CD2-B835-906950FA4320} = {CBA41F16-7012-4B6B-923C-406C9603B52C}
		{2FA49D78-0DF3-48B5-91F3-C0758C4736E3} = {E95848E4-1302-43CF-AB1C-59B32943873D}
	EndGlobalSection
EndGlobal
